// !$*UTF8*$!
{
	archiveVersion = 1;
	classes = {
	};
	objectVersion = 55;
	objects = {

/* Begin PBXBuildFile section */
		CBB0B8402770671200B17BF6 /* AppDelegate.swift in Sources */ = {isa = PBXBuildFile; fileRef = CBB0B83F2770671200B17BF6 /* AppDelegate.swift */; };
		CBB0B8422770671200B17BF6 /* SceneDelegate.swift in Sources */ = {isa = PBXBuildFile; fileRef = CBB0B8412770671200B17BF6 /* SceneDelegate.swift */; };
		CBB0B8442770671200B17BF6 /* ViewController.swift in Sources */ = {isa = PBXBuildFile; fileRef = CBB0B8432770671200B17BF6 /* ViewController.swift */; };
		CBB0B8472770671200B17BF6 /* Main.storyboard in Resources */ = {isa = PBXBuildFile; fileRef = CBB0B8452770671200B17BF6 /* Main.storyboard */; };
		CBB0B8492770671300B17BF6 /* Assets.xcassets in Resources */ = {isa = PBXBuildFile; fileRef = CBB0B8482770671300B17BF6 /* Assets.xcassets */; };
		CBB0B84C2770671300B17BF6 /* LaunchScreen.storyboard in Resources */ = {isa = PBXBuildFile; fileRef = CBB0B84A2770671300B17BF6 /* LaunchScreen.storyboard */; };
		CBB0B85427706AB600B17BF6 /* MyCollectionViewCell.swift in Sources */ = {isa = PBXBuildFile; fileRef = CBB0B85327706AB600B17BF6 /* MyCollectionViewCell.swift */; };
		CBB0B85727708C4400B17BF6 /* MyCollectionReusableView.swift in Sources */ = {isa = PBXBuildFile; fileRef = CBB0B85527708C4400B17BF6 /* MyCollectionReusableView.swift */; };
		CBB0B85827708C4400B17BF6 /* MyCollectionReusableView.xib in Resources */ = {isa = PBXBuildFile; fileRef = CBB0B85627708C4400B17BF6 /* MyCollectionReusableView.xib */; };
/* End PBXBuildFile section */

/* Begin PBXFileReference section */
		CBB0B83C2770671200B17BF6 /* CompostionalLayoutBasic.app */ = {isa = PBXFileReference; explicitFileType = wrapper.application; includeInIndex = 0; path = CompostionalLayoutBasic.app; sourceTree = BUILT_PRODUCTS_DIR; };
		CBB0B83F2770671200B17BF6 /* AppDelegate.swift */ = {isa = PBXFileReference; lastKnownFileType = sourcecode.swift; path = AppDelegate.swift; sourceTree = "<group>"; };
		CBB0B8412770671200B17BF6 /* SceneDelegate.swift */ = {isa = PBXFileReference; lastKnownFileType = sourcecode.swift; path = SceneDelegate.swift; sourceTree = "<group>"; };
		CBB0B8432770671200B17BF6 /* ViewController.swift */ = {isa = PBXFileReference; lastKnownFileType = sourcecode.swift; path = ViewController.swift; sourceTree = "<group>"; };
		CBB0B8462770671200B17BF6 /* Base */ = {isa = PBXFileReference; lastKnownFileType = file.storyboard; name = Base; path = Base.lproj/Main.storyboard; sourceTree = "<group>"; };
		CBB0B8482770671300B17BF6 /* Assets.xcassets */ = {isa = PBXFileReference; lastKnownFileType = folder.assetcatalog; path = Assets.xcassets; sourceTree = "<group>"; };
		CBB0B84B2770671300B17BF6 /* Base */ = {isa = PBXFileReference; lastKnownFileType = file.storyboard; name = Base; path = Base.lproj/LaunchScreen.storyboard; sourceTree = "<group>"; };
		CBB0B84D2770671300B17BF6 /* Info.plist */ = {isa = PBXFileReference; lastKnownFileType = text.plist.xml; path = Info.plist; sourceTree = "<group>"; };
		CBB0B85327706AB600B17BF6 /* MyCollectionViewCell.swift */ = {isa = PBXFileReference; lastKnownFileType = sourcecode.swift; path = MyCollectionViewCell.swift; sourceTree = "<group>"; };
		CBB0B85527708C4400B17BF6 /* MyCollectionReusableView.swift */ = {isa = PBXFileReference; lastKnownFileType = sourcecode.swift; path = MyCollectionReusableView.swift; sourceTree = "<group>"; };
		CBB0B85627708C4400B17BF6 /* MyCollectionReusableView.xib */ = {isa = PBXFileReference; lastKnownFileType = file.xib; path = MyCollectionReusableView.xib; sourceTree = "<group>"; };
/* End PBXFileReference section */

/* Begin PBXFrameworksBuildPhase section */
		CBB0B8392770671200B17BF6 /* Frameworks */ = {
			isa = PBXFrameworksBuildPhase;
			buildActionMask = 2147483647;
			files = (
			);
			runOnlyForDeploymentPostprocessing = 0;
		};
/* End PBXFrameworksBuildPhase section */

/* Begin PBXGroup section */
		CBB0B8332770671200B17BF6 = {
			isa = PBXGroup;
			children = (
				CBB0B83E2770671200B17BF6 /* CompostionalLayoutBasic */,
				CBB0B83D2770671200B17BF6 /* Products */,
			);
			sourceTree = "<group>";
		};
		CBB0B83D2770671200B17BF6 /* Products */ = {
			isa = PBXGroup;
			children = (
				CBB0B83C2770671200B17BF6 /* CompostionalLayoutBasic.app */,
			);
			name = Products;
			sourceTree = "<group>";
		};
		CBB0B83E2770671200B17BF6 /* CompostionalLayoutBasic */ = {
			isa = PBXGroup;
			children = (
				CBB0B83F2770671200B17BF6 /* AppDelegate.swift */,
				CBB0B8412770671200B17BF6 /* SceneDelegate.swift */,
				CBB0B8432770671200B17BF6 /* ViewController.swift */,
				CBB0B8452770671200B17BF6 /* Main.storyboard */,
				CBB0B8482770671300B17BF6 /* Assets.xcassets */,
				CBB0B84A2770671300B17BF6 /* LaunchScreen.storyboard */,
				CBB0B84D2770671300B17BF6 /* Info.plist */,
				CBB0B85327706AB600B17BF6 /* MyCollectionViewCell.swift */,
				CBB0B85527708C4400B17BF6 /* MyCollectionReusableView.swift */,
				CBB0B85627708C4400B17BF6 /* MyCollectionReusableView.xib */,
			);
			path = CompostionalLayoutBasic;
			sourceTree = "<group>";
		};
/* End PBXGroup section */

/* Begin PBXNativeTarget section */
		CBB0B83B2770671200B17BF6 /* CompostionalLayoutBasic */ = {
			isa = PBXNativeTarget;
			buildConfigurationList = CBB0B8502770671300B17BF6 /* Build configuration list for PBXNativeTarget "CompostionalLayoutBasic" */;
			buildPhases = (
				CBB0B8382770671200B17BF6 /* Sources */,
				CBB0B8392770671200B17BF6 /* Frameworks */,
				CBB0B83A2770671200B17BF6 /* Resources */,
			);
			buildRules = (
			);
			dependencies = (
			);
			name = CompostionalLayoutBasic;
			productName = CompostionalLayoutBasic;
			productReference = CBB0B83C2770671200B17BF6 /* CompostionalLayoutBasic.app */;
			productType = "com.apple.product-type.application";
		};
/* End PBXNativeTarget section */

/* Begin PBXProject section */
		CBB0B8342770671200B17BF6 /* Project object */ = {
			isa = PBXProject;
			attributes = {
				BuildIndependentTargetsInParallel = 1;
				LastSwiftUpdateCheck = 1300;
				LastUpgradeCheck = 1300;
				TargetAttributes = {
					CBB0B83B2770671200B17BF6 = {
						CreatedOnToolsVersion = 13.0;
					};
				};
			};
			buildConfigurationList = CBB0B8372770671200B17BF6 /* Build configuration list for PBXProject "CompostionalLayoutBasic" */;
			compatibilityVersion = "Xcode 13.0";
			developmentRegion = en;
			hasScannedForEncodings = 0;
			knownRegions = (
				en,
				Base,
			);
			mainGroup = CBB0B8332770671200B17BF6;
			productRefGroup = CBB0B83D2770671200B17BF6 /* Products */;
			projectDirPath = "";
			projectRoot = "";
			targets = (
				CBB0B83B2770671200B17BF6 /* CompostionalLayoutBasic */,
			);
		};
/* End PBXProject section */

/* Begin PBXResourcesBuildPhase section */
		CBB0B83A2770671200B17BF6 /* Resources */ = {
			isa = PBXResourcesBuildPhase;
			buildActionMask = 2147483647;
			files = (
				CBB0B84C2770671300B17BF6 /* LaunchScreen.storyboard in Resources */,
				CBB0B85827708C4400B17BF6 /* MyCollectionReusableView.xib in Resources */,
				CBB0B8492770671300B17BF6 /* Assets.xcassets in Resources */,
				CBB0B8472770671200B17BF6 /* Main.storyboard in Resources */,
			);
			runOnlyForDeploymentPostprocessing = 0;
		};
/* End PBXResourcesBuildPhase section */

/* Begin PBXSourcesBuildPhase section */
		CBB0B8382770671200B17BF6 /* Sources */ = {
			isa = PBXSourcesBuildPhase;
			buildActionMask = 2147483647;
			files = (
				CBB0B8442770671200B17BF6 /* ViewController.swift in Sources */,
				CBB0B8402770671200B17BF6 /* AppDelegate.swift in Sources */,
				CBB0B85427706AB600B17BF6 /* MyCollectionViewCell.swift in Sources */,
				CBB0B85727708C4400B17BF6 /* MyCollectionReusableView.swift in Sources */,
				CBB0B8422770671200B17BF6 /* SceneDelegate.swift in Sources */,
			);
			runOnlyForDeploymentPostprocessing = 0;
		};
/* End PBXSourcesBuildPhase section */

/* Begin PBXVariantGroup section */
		CBB0B8452770671200B17BF6 /* Main.storyboard */ = {
			isa = PBXVariantGroup;
			children = (
				CBB0B8462770671200B17BF6 /* Base */,
			);
			name = Main.storyboard;
			sourceTree = "<group>";
		};
		CBB0B84A2770671300B17BF6 /* LaunchScreen.storyboard */ = {
			isa = PBXVariantGroup;
			children = (
				CBB0B84B2770671300B17BF6 /* Base */,
			);
			name = LaunchScreen.storyboard;
			sourceTree = "<group>";
		};
/* End PBXVariantGroup section */

/* Begin XCBuildConfiguration section */
		CBB0B84E2770671300B17BF6 /* Debug */ = {
			isa = XCBuildConfiguration;
			buildSettings = {
				ALWAYS_SEARCH_USER_PATHS = NO;
				CLANG_ANALYZER_NONNULL = YES;
				CLANG_ANALYZER_NUMBER_OBJECT_CONVERSION = YES_AGGRESSIVE;
				CLANG_CXX_LANGUAGE_STANDARD = "gnu++17";
				CLANG_CXX_LIBRARY = "libc++";
				CLANG_ENABLE_MODULES = YES;
				CLANG_ENABLE_OBJC_ARC = YES;
				CLANG_ENABLE_OBJC_WEAK = YES;
				CLANG_WARN_BLOCK_CAPTURE_AUTORELEASING = YES;
				CLANG_WARN_BOOL_CONVERSION = YES;
				CLANG_WARN_COMMA = YES;
				CLANG_WARN_CONSTANT_CONVERSION = YES;
				CLANG_WARN_DEPRECATED_OBJC_IMPLEMENTATIONS = YES;
				CLANG_WARN_DIRECT_OBJC_ISA_USAGE = YES_ERROR;
				CLANG_WARN_DOCUMENTATION_COMMENTS = YES;
				CLANG_WARN_EMPTY_BODY = YES;
				CLANG_WARN_ENUM_CONVERSION = YES;
				CLANG_WARN_INFINITE_RECURSION = YES;
				CLANG_WARN_INT_CONVERSION = YES;
				CLANG_WARN_NON_LITERAL_NULL_CONVERSION = YES;
				CLANG_WARN_OBJC_IMPLICIT_RETAIN_SELF = YES;
				CLANG_WARN_OBJC_LITERAL_CONVERSION = YES;
				CLANG_WARN_OBJC_ROOT_CLASS = YES_ERROR;
				CLANG_WARN_QUOTED_INCLUDE_IN_FRAMEWORK_HEADER = YES;
				CLANG_WARN_RANGE_LOOP_ANALYSIS = YES;
				CLANG_WARN_STRICT_PROTOTYPES = YES;
				CLANG_WARN_SUSPICIOUS_MOVE = YES;
				CLANG_WARN_UNGUARDED_AVAILABILITY = YES_AGGRESSIVE;
				CLANG_WARN_UNREACHABLE_CODE = YES;
				CLANG_WARN__DUPLICATE_METHOD_MATCH = YES;
				COPY_PHASE_STRIP = NO;
				DEBUG_INFORMATION_FORMAT = dwarf;
				ENABLE_STRICT_OBJC_MSGSEND = YES;
				ENABLE_TESTABILITY = YES;
				GCC_C_LANGUAGE_STANDARD = gnu11;
				GCC_DYNAMIC_NO_PIC = NO;
				GCC_NO_COMMON_BLOCKS = YES;
				GCC_OPTIMIZATION_LEVEL = 0;
				GCC_PREPROCESSOR_DEFINITIONS = (
					"DEBUG=1",
					"$(inherited)",
				);
				GCC_WARN_64_TO_32_BIT_CONVERSION = YES;
				GCC_WARN_ABOUT_RETURN_TYPE = YES_ERROR;
				GCC_WARN_UNDECLARED_SELECTOR = YES;
				GCC_WARN_UNINITIALIZED_AUTOS = YES_AGGRESSIVE;
				GCC_WARN_UNUSED_FUNCTION = YES;
				GCC_WARN_UNUSED_VARIABLE = YES;
				IPHONEOS_DEPLOYMENT_TARGET = 15.0;
				MTL_ENABLE_DEBUG_INFO = INCLUDE_SOURCE;
				MTL_FAST_MATH = YES;
				ONLY_ACTIVE_ARCH = YES;
				SDKROOT = iphoneos;
				SWIFT_ACTIVE_COMPILATION_CONDITIONS = DEBUG;
				SWIFT_OPTIMIZATION_LEVEL = "-Onone";
			};
			name = Debug;
		};
		CBB0B84F2770671300B17BF6 /* Release */ = {
			isa = XCBuildConfiguration;
			buildSettings = {
				ALWAYS_SEARCH_USER_PATHS = NO;
				CLANG_ANALYZER_NONNULL = YES;
				CLANG_ANALYZER_NUMBER_OBJECT_CONVERSION = YES_AGGRESSIVE;
				CLANG_CXX_LANGUAGE_STANDARD = "gnu++17";
				CLANG_CXX_LIBRARY = "libc++";
				CLANG_ENABLE_MODULES = YES;
				CLANG_ENABLE_OBJC_ARC = YES;
				CLANG_ENABLE_OBJC_WEAK = YES;
				CLANG_WARN_BLOCK_CAPTURE_AUTORELEASING = YES;
				CLANG_WARN_BOOL_CONVERSION = YES;
				CLANG_WARN_COMMA = YES;
				CLANG_WARN_CONSTANT_CONVERSION = YES;
				CLANG_WARN_DEPRECATED_OBJC_IMPLEMENTATIONS = YES;
				CLANG_WARN_DIRECT_OBJC_ISA_USAGE = YES_ERROR;
				CLANG_WARN_DOCUMENTATION_COMMENTS = YES;
				CLANG_WARN_EMPTY_BODY = YES;
				CLANG_WARN_ENUM_CONVERSION = YES;
				CLANG_WARN_INFINITE_RECURSION = YES;
				CLANG_WARN_INT_CONVERSION = YES;
				CLANG_WARN_NON_LITERAL_NULL_CONVERSION = YES;
				CLANG_WARN_OBJC_IMPLICIT_RETAIN_SELF = YES;
				CLANG_WARN_OBJC_LITERAL_CONVERSION = YES;
				CLANG_WARN_OBJC_ROOT_CLASS = YES_ERROR;
				CLANG_WARN_QUOTED_INCLUDE_IN_FRAMEWORK_HEADER = YES;
				CLANG_WARN_RANGE_LOOP_ANALYSIS = YES;
				CLANG_WARN_STRICT_PROTOTYPES = YES;
				CLANG_WARN_SUSPICIOUS_MOVE = YES;
				CLANG_WARN_UNGUARDED_AVAILABILITY = YES_AGGRESSIVE;
				CLANG_WARN_UNREACHABLE_CODE = YES;
				CLANG_WARN__DUPLICATE_METHOD_MATCH = YES;
				COPY_PHASE_STRIP = NO;
				DEBUG_INFORMATION_FORMAT = "dwarf-with-dsym";
				ENABLE_NS_ASSERTIONS = NO;
				ENABLE_STRICT_OBJC_MSGSEND = YES;
				GCC_C_LANGUAGE_STANDARD = gnu11;
				GCC_NO_COMMON_BLOCKS = YES;
				GCC_WARN_64_TO_32_BIT_CONVERSION = YES;
				GCC_WARN_ABOUT_RETURN_TYPE = YES_ERROR;
				GCC_WARN_UNDECLARED_SELECTOR = YES;
				GCC_WARN_UNINITIALIZED_AUTOS = YES_AGGRESSIVE;
				GCC_WARN_UNUSED_FUNCTION = YES;
				GCC_WARN_UNUSED_VARIABLE = YES;
				IPHONEOS_DEPLOYMENT_TARGET = 15.0;
				MTL_ENABLE_DEBUG_INFO = NO;
				MTL_FAST_MATH = YES;
				SDKROOT = iphoneos;
				SWIFT_COMPILATION_MODE = wholemodule;
				SWIFT_OPTIMIZATION_LEVEL = "-O";
				VALIDATE_PRODUCT = YES;
			};
			name = Release;
		};
		CBB0B8512770671300B17BF6 /* Debug */ = {
			isa = XCBuildConfiguration;
			buildSettings = {
				ASSETCATALOG_COMPILER_APPICON_NAME = AppIcon;
				ASSETCATALOG_COMPILER_GLOBAL_ACCENT_COLOR_NAME = AccentColor;
				CODE_SIGN_STYLE = Automatic;
				CURRENT_PROJECT_VERSION = 1;
				GENERATE_INFOPLIST_FILE = YES;
				INFOPLIST_FILE = CompostionalLayoutBasic/Info.plist;
				INFOPLIST_KEY_UIApplicationSupportsIndirectInputEvents = YES;
				INFOPLIST_KEY_UILaunchStoryboardName = LaunchScreen;
				INFOPLIST_KEY_UIMainStoryboardFile = Main;
				INFOPLIST_KEY_UISupportedInterfaceOrientations_iPad = "UIInterfaceOrientationPortrait UIInterfaceOrientationPortraitUpsideDown UIInterfaceOrientationLandscapeLeft UIInterfaceOrientationLandscapeRight";
				INFOPLIST_KEY_UISupportedInterfaceOrientations_iPhone = "UIInterfaceOrientationPortrait UIInterfaceOrientationLandscapeLeft UIInterfaceOrientationLandscapeRight";
				IPHONEOS_DEPLOYMENT_TARGET = 13.0;
				LD_RUNPATH_SEARCH_PATHS = (
					"$(inherited)",
					"@executable_path/Frameworks",
				);
				MARKETING_VERSION = 1.0;
				PRODUCT_BUNDLE_IDENTIFIER = com.iOS.CompostionalLayoutBasic;
				PRODUCT_NAME = "$(TARGET_NAME)";
				SWIFT_EMIT_LOC_STRINGS = YES;
				SWIFT_VERSION = 5.0;
				TARGETED_DEVICE_FAMILY = "1,2";
			};
			name = Debug;
		};
		CBB0B8522770671300B17BF6 /* Release */ = {
			isa = XCBuildConfiguration;
			buildSettings = {
				ASSETCATALOG_COMPILER_APPICON_NAME = AppIcon;
				ASSETCATALOG_COMPILER_GLOBAL_ACCENT_COLOR_NAME = AccentColor;
				CODE_SIGN_STYLE = Automatic;
				CURRENT_PROJECT_VERSION = 1;
				GENERATE_INFOPLIST_FILE = YES;
				INFOPLIST_FILE = CompostionalLayoutBasic/Info.plist;
				INFOPLIST_KEY_UIApplicationSupportsIndirectInputEvents = YES;
				INFOPLIST_KEY_UILaunchStoryboardName = LaunchScreen;
				INFOPLIST_KEY_UIMainStoryboardFile = Main;
				INFOPLIST_KEY_UISupportedInterfaceOrientations_iPad = "UIInterfaceOrientationPortrait UIInterfaceOrientationPortraitUpsideDown UIInterfaceOrientationLandscapeLeft UIInterfaceOrientationLandscapeRight";
				INFOPLIST_KEY_UISupportedInterfaceOrientations_iPhone = "UIInterfaceOrientationPortrait UIInterfaceOrientationLandscapeLeft UIInterfaceOrientationLandscapeRight";
				IPHONEOS_DEPLOYMENT_TARGET = 13.0;
				LD_RUNPATH_SEARCH_PATHS = (
					"$(inherited)",
					"@executable_path/Frameworks",
				);
				MARKETING_VERSION = 1.0;
				PRODUCT_BUNDLE_IDENTIFIER = com.iOS.CompostionalLayoutBasic;
				PRODUCT_NAME = "$(TARGET_NAME)";
				SWIFT_EMIT_LOC_STRINGS = YES;
				SWIFT_VERSION = 5.0;
				TARGETED_DEVICE_FAMILY = "1,2";
			};
			name = Release;
		};
/* End XCBuildConfiguration section */

/* Begin XCConfigurationList section */
		CBB0B8372770671200B17BF6 /* Build configuration list for PBXProject "CompostionalLayoutBasic" */ = {
			isa = XCConfigurationList;
			buildConfigurations = (
				CBB0B84E2770671300B17BF6 /* Debug */,
				CBB0B84F2770671300B17BF6 /* Release */,
			);
			defaultConfigurationIsVisible = 0;
			defaultConfigurationName = Release;
		};
		CBB0B8502770671300B17BF6 /* Build configuration list for PBXNativeTarget "CompostionalLayoutBasic" */ = {
			isa = XCConfigurationList;
			buildConfigurations = (
				CBB0B8512770671300B17BF6 /* Debug */,
				CBB0B8522770671300B17BF6 /* Release */,
			);
			defaultConfigurationIsVisible = 0;
			defaultConfigurationName = Release;
		};
/* End XCConfigurationList section */
	};
	rootObject = CBB0B8342770671200B17BF6 /* Project object */;
}
